PODS:
  - AFNetworking (2.6.3):
    - AFNetworking/NSURLConnection (= 2.6.3)
    - AFNetworking/NSURLSession (= 2.6.3)
    - AFNetworking/Reachability (= 2.6.3)
    - AFNetworking/Security (= 2.6.3)
    - AFNetworking/Serialization (= 2.6.3)
    - AFNetworking/UIKit (= 2.6.3)
  - AFNetworking/NSURLConnection (2.6.3):
    - AFNetworking/Reachability
    - AFNetworking/Security
    - AFNetworking/Serialization
  - AFNetworking/NSURLSession (2.6.3):
    - AFNetworking/Reachability
    - AFNetworking/Security
    - AFNetworking/Serialization
  - AFNetworking/Reachability (2.6.3)
  - AFNetworking/Security (2.6.3)
  - AFNetworking/Serialization (2.6.3)
  - AFNetworking/UIKit (2.6.3):
    - AFNetworking/NSURLConnection
    - AFNetworking/NSURLSession
  - GoogleMaps (1.13.0)
  - Onboard (2.1.9)
  - Realm (0.98.6):
    - Realm/Headers (= 0.98.6)
  - Realm/Headers (0.98.6)
  - RealmSwift (0.98.6):
    - Realm (= 0.98.6)
  - SVProgressHUD (2.0.3)

DEPENDENCIES:
  - AFNetworking (~> 2.6.0)
  - GoogleMaps
  - Onboard (~> 2.1.7)
  - RealmSwift
  - SVProgressHUD

SPEC CHECKSUMS:
  AFNetworking: cb8d14a848e831097108418f5d49217339d4eb60
  GoogleMaps: 7a6caeb8336d7cb42982e969fc9b1b20a889fe79
  Onboard: 4d92c763ed15f939071dec12e87ed9e8dc036746
  Realm: 44803f35418c5d89b27825a564247fcd190de37e
  RealmSwift: c7239c52c83f8c43525a5269ba7be1694da33afc
  SVProgressHUD: b0830714205bea1317ea1a2ebc71e5633af334d4

COCOAPODS: 0.39.0
